
Microsoft Visual Studio Solution File, Format Version 12.00
# Visual Studio Version 17
VisualStudioVersion = 17.9.34723.18
MinimumVisualStudioVersion = 10.0.40219.1
Project("{FAE04EC0-301F-11D3-BF4B-00C04F79EFBC}") = "TestHarness", "TestHarness\TestHarness.csproj", "{8B11F480-0A87-40FF-9A2C-5C95DF33069A}"
EndProject
Project("{FAE04EC0-301F-11D3-BF4B-00C04F79EFBC}") = "CustomLogging", "CustomLogging\CustomLogging.csproj", "{61CD2F3F-08F6-4D95-A4C7-25EF975084EE}"
EndProject
Project("{FAE04EC0-301F-11D3-BF4B-00C04F79EFBC}") = "SolitaireDomain", "SolitaireDomain\SolitaireDomain.csproj", "{B6570A58-8541-4F72-9F09-157D294F56DE}"
EndProject
Project("{FAE04EC0-301F-11D3-BF4B-00C04F79EFBC}") = "ModuleTesting", "ModuleTesting\ModuleTesting.csproj", "{C28BF158-C108-4436-A53A-F76BD34AC935}"
EndProject
Global
	GlobalSection(SolutionConfigurationPlatforms) = preSolution
		Debug|Any CPU = Debug|Any CPU
		Release|Any CPU = Release|Any CPU
	EndGlobalSection
	GlobalSection(ProjectConfigurationPlatforms) = postSolution
		{8B11F480-0A87-40FF-9A2C-5C95DF33069A}.Debug|Any CPU.ActiveCfg = Debug|Any CPU
		{8B11F480-0A87-40FF-9A2C-5C95DF33069A}.Debug|Any CPU.Build.0 = Debug|Any CPU
		{8B11F480-0A87-40FF-9A2C-5C95DF33069A}.Release|Any CPU.ActiveCfg = Release|Any CPU
		{8B11F480-0A87-40FF-9A2C-5C95DF33069A}.Release|Any CPU.Build.0 = Release|Any CPU
		{61CD2F3F-08F6-4D95-A4C7-25EF975084EE}.Debug|Any CPU.ActiveCfg = Debug|Any CPU
		{61CD2F3F-08F6-4D95-A4C7-25EF975084EE}.Debug|Any CPU.Build.0 = Debug|Any CPU
		{61CD2F3F-08F6-4D95-A4C7-25EF975084EE}.Release|Any CPU.ActiveCfg = Release|Any CPU
		{61CD2F3F-08F6-4D95-A4C7-25EF975084EE}.Release|Any CPU.Build.0 = Release|Any CPU
		{B6570A58-8541-4F72-9F09-157D294F56DE}.Debug|Any CPU.ActiveCfg = Debug|Any CPU
		{B6570A58-8541-4F72-9F09-157D294F56DE}.Debug|Any CPU.Build.0 = Debug|Any CPU
		{B6570A58-8541-4F72-9F09-157D294F56DE}.Release|Any CPU.ActiveCfg = Release|Any CPU
		{B6570A58-8541-4F72-9F09-157D294F56DE}.Release|Any CPU.Build.0 = Release|Any CPU
		{C28BF158-C108-4436-A53A-F76BD34AC935}.Debug|Any CPU.ActiveCfg = Debug|Any CPU
		{C28BF158-C108-4436-A53A-F76BD34AC935}.Debug|Any CPU.Build.0 = Debug|Any CPU
		{C28BF158-C108-4436-A53A-F76BD34AC935}.Release|Any CPU.ActiveCfg = Release|Any CPU
		{C28BF158-C108-4436-A53A-F76BD34AC935}.Release|Any CPU.Build.0 = Release|Any CPU
	EndGlobalSection
	GlobalSection(SolutionProperties) = preSolution
		HideSolutionNode = FALSE
	EndGlobalSection
	GlobalSection(ExtensibilityGlobals) = postSolution
		SolutionGuid = {C925BE40-0A12-4BDE-8BD4-200B1EE6DE4E}
	EndGlobalSection
EndGlobal
